
Microsoft Visual Studio Solution File, Format Version 12.00
# Visual Studio Version 17
VisualStudioVersion = 17.5.002.0
MinimumVisualStudioVersion = 10.0.40219.1
Project("{2150E333-8FDC-42A3-9474-1A3956D46DE8}") = "Advent-Of-Code", "Advent-Of-Code", "{D8C2921E-FAB5-4195-880E-F065752F084A}"
EndProject
Project("{2150E333-8FDC-42A3-9474-1A3956D46DE8}") = "Tim", "Tim", "{3FFEE044-5C53-4DA1-8959-D19AA1502957}"
EndProject
Project("{9A19103F-16F7-4668-BE54-9A1E7A4F7556}") = "Day_1", "Advent-Of-Code\Tim\Day_1\Day_1.csproj", "{B7911D1D-E26C-4B48-8FA8-97CDA44DF0F3}"
EndProject
Global
	GlobalSection(SolutionConfigurationPlatforms) = preSolution
		Debug|Any CPU = Debug|Any CPU
		Release|Any CPU = Release|Any CPU
	EndGlobalSection
	GlobalSection(ProjectConfigurationPlatforms) = postSolution
		{B7911D1D-E26C-4B48-8FA8-97CDA44DF0F3}.Debug|Any CPU.ActiveCfg = Debug|Any CPU
		{B7911D1D-E26C-4B48-8FA8-97CDA44DF0F3}.Debug|Any CPU.Build.0 = Debug|Any CPU
		{B7911D1D-E26C-4B48-8FA8-97CDA44DF0F3}.Release|Any CPU.ActiveCfg = Release|Any CPU
		{B7911D1D-E26C-4B48-8FA8-97CDA44DF0F3}.Release|Any CPU.Build.0 = Release|Any CPU
	EndGlobalSection
	GlobalSection(SolutionProperties) = preSolution
		HideSolutionNode = FALSE
	EndGlobalSection
	GlobalSection(NestedProjects) = preSolution
		{3FFEE044-5C53-4DA1-8959-D19AA1502957} = {D8C2921E-FAB5-4195-880E-F065752F084A}
		{B7911D1D-E26C-4B48-8FA8-97CDA44DF0F3} = {3FFEE044-5C53-4DA1-8959-D19AA1502957}
	EndGlobalSection
	GlobalSection(ExtensibilityGlobals) = postSolution
		SolutionGuid = {AABDBA09-5EDE-4CEA-931B-35FB883B736C}
	EndGlobalSection
EndGlobal
